
Microsoft Visual Studio Solution File, Format Version 12.00
# Visual Studio Version 17
VisualStudioVersion = 17.10.35122.118
MinimumVisualStudioVersion = 10.0.40219.1
Project("{FAE04EC0-301F-11D3-BF4B-00C04F79EFBC}") = "BaiTap02", "BaiTap02.csproj", "{478CEFE9-DA52-472F-B279-885587A90F1E}"
EndProject
Global
	GlobalSection(SolutionConfigurationPlatforms) = preSolution
		Debug|Any CPU = Debug|Any CPU
		Release|Any CPU = Release|Any CPU
	EndGlobalSection
	GlobalSection(ProjectConfigurationPlatforms) = postSolution
		{478CEFE9-DA52-472F-B279-885587A90F1E}.Debug|Any CPU.ActiveCfg = Debug|Any CPU
		{478CEFE9-DA52-472F-B279-885587A90F1E}.Debug|Any CPU.Build.0 = Debug|Any CPU
		{478CEFE9-DA52-472F-B279-885587A90F1E}.Release|Any CPU.ActiveCfg = Release|Any CPU
		{478CEFE9-DA52-472F-B279-885587A90F1E}.Release|Any CPU.Build.0 = Release|Any CPU
	EndGlobalSection
	GlobalSection(SolutionProperties) = preSolution
		HideSolutionNode = FALSE
	EndGlobalSection
	GlobalSection(ExtensibilityGlobals) = postSolution
		SolutionGuid = {1FBF1CF3-071D-434F-B2EB-6880991A733B}
	EndGlobalSection
EndGlobal
