
Microsoft Visual Studio Solution File, Format Version 12.00
# Visual Studio Version 17
VisualStudioVersion = 17.10.35122.118
MinimumVisualStudioVersion = 10.0.40219.1
Project("{FAE04EC0-301F-11D3-BF4B-00C04F79EFBC}") = "BaiTap04", "BaiTap04.csproj", "{69BB1248-BF20-4A99-8F74-714C8CA42BEA}"
EndProject
Global
	GlobalSection(SolutionConfigurationPlatforms) = preSolution
		Debug|Any CPU = Debug|Any CPU
		Release|Any CPU = Release|Any CPU
	EndGlobalSection
	GlobalSection(ProjectConfigurationPlatforms) = postSolution
		{69BB1248-BF20-4A99-8F74-714C8CA42BEA}.Debug|Any CPU.ActiveCfg = Debug|Any CPU
		{69BB1248-BF20-4A99-8F74-714C8CA42BEA}.Debug|Any CPU.Build.0 = Debug|Any CPU
		{69BB1248-BF20-4A99-8F74-714C8CA42BEA}.Release|Any CPU.ActiveCfg = Release|Any CPU
		{69BB1248-BF20-4A99-8F74-714C8CA42BEA}.Release|Any CPU.Build.0 = Release|Any CPU
	EndGlobalSection
	GlobalSection(SolutionProperties) = preSolution
		HideSolutionNode = FALSE
	EndGlobalSection
	GlobalSection(ExtensibilityGlobals) = postSolution
		SolutionGuid = {787F79F2-5AF4-432C-9F1B-C0E7186659CF}
	EndGlobalSection
EndGlobal
